
Microsoft Visual Studio Solution File, Format Version 12.00
# Visual Studio Version 17
VisualStudioVersion = 17.7.34024.191
MinimumVisualStudioVersion = 10.0.40219.1
Project("{FAE04EC0-301F-11D3-BF4B-00C04F79EFBC}") = "Pr_1", "Pr_1\Pr_1.csproj", "{8B217735-9E48-4672-9637-2BD3F605765E}"
EndProject
Project("{FAE04EC0-301F-11D3-BF4B-00C04F79EFBC}") = "Pr_2_II", "Pr_2_II\Pr_2_II.csproj", "{AE88A455-581C-47E1-B0C7-5DA3CB14DA6B}"
EndProject
Project("{FAE04EC0-301F-11D3-BF4B-00C04F79EFBC}") = "Pr_3_IV", "Pr_3_IV\Pr_3_IV.csproj", "{7E0159FF-7672-4A45-977C-4D01CFF7314C}"
EndProject
Project("{FAE04EC0-301F-11D3-BF4B-00C04F79EFBC}") = "Pr_4_VI", "Pr_4_VI\Pr_4_VI.csproj", "{35183DF7-FB09-4E57-BCDE-E6983B567A40}"
EndProject
Project("{FAE04EC0-301F-11D3-BF4B-00C04F79EFBC}") = "Pr_5_II", "Pr_5_II\Pr_5_II.csproj", "{F5699054-C7F2-4C11-A4A9-4CB9304BD3E4}"
EndProject
Project("{FAE04EC0-301F-11D3-BF4B-00C04F79EFBC}") = "Pr_5_III", "Pr_5_III\Pr_5_III.csproj", "{04C20A8A-F542-4F85-B6A7-844A66E730CE}"
EndProject
Project("{FAE04EC0-301F-11D3-BF4B-00C04F79EFBC}") = "Pr_5_IV", "Pr_5_IV\Pr_5_IV.csproj", "{3041AF94-9A82-4E88-AF02-ED529D1A3043}"
EndProject
Project("{FAE04EC0-301F-11D3-BF4B-00C04F79EFBC}") = "Pr_7_IV", "Pr_7_IV\Pr_7_IV.csproj", "{753D9A98-A28A-4B72-A4FF-0E5EC0D62369}"
EndProject
Project("{FAE04EC0-301F-11D3-BF4B-00C04F79EFBC}") = "Pr_7_VI", "Pr_7_VI\Pr_7_VI.csproj", "{9933276D-843E-4994-8B3D-876690B554CB}"
EndProject
Project("{FAE04EC0-301F-11D3-BF4B-00C04F79EFBC}") = "Pr_8_III", "Pr_8_III\Pr_8_III.csproj", "{F8110A04-7FB7-48EA-8FD8-16EF83E146BA}"
EndProject
Project("{FAE04EC0-301F-11D3-BF4B-00C04F79EFBC}") = "Pr_9_II", "Pr_9_II\Pr_9_II.csproj", "{C9BD835E-EF1D-41FA-A3C3-E0EFBE3DB363}"
EndProject
Global
	GlobalSection(SolutionConfigurationPlatforms) = preSolution
		Debug|Any CPU = Debug|Any CPU
		Release|Any CPU = Release|Any CPU
	EndGlobalSection
	GlobalSection(ProjectConfigurationPlatforms) = postSolution
		{8B217735-9E48-4672-9637-2BD3F605765E}.Debug|Any CPU.ActiveCfg = Debug|Any CPU
		{8B217735-9E48-4672-9637-2BD3F605765E}.Debug|Any CPU.Build.0 = Debug|Any CPU
		{8B217735-9E48-4672-9637-2BD3F605765E}.Release|Any CPU.ActiveCfg = Release|Any CPU
		{8B217735-9E48-4672-9637-2BD3F605765E}.Release|Any CPU.Build.0 = Release|Any CPU
		{AE88A455-581C-47E1-B0C7-5DA3CB14DA6B}.Debug|Any CPU.ActiveCfg = Debug|Any CPU
		{AE88A455-581C-47E1-B0C7-5DA3CB14DA6B}.Debug|Any CPU.Build.0 = Debug|Any CPU
		{AE88A455-581C-47E1-B0C7-5DA3CB14DA6B}.Release|Any CPU.ActiveCfg = Release|Any CPU
		{AE88A455-581C-47E1-B0C7-5DA3CB14DA6B}.Release|Any CPU.Build.0 = Release|Any CPU
		{7E0159FF-7672-4A45-977C-4D01CFF7314C}.Debug|Any CPU.ActiveCfg = Debug|Any CPU
		{7E0159FF-7672-4A45-977C-4D01CFF7314C}.Debug|Any CPU.Build.0 = Debug|Any CPU
		{7E0159FF-7672-4A45-977C-4D01CFF7314C}.Release|Any CPU.ActiveCfg = Release|Any CPU
		{7E0159FF-7672-4A45-977C-4D01CFF7314C}.Release|Any CPU.Build.0 = Release|Any CPU
		{35183DF7-FB09-4E57-BCDE-E6983B567A40}.Debug|Any CPU.ActiveCfg = Debug|Any CPU
		{35183DF7-FB09-4E57-BCDE-E6983B567A40}.Debug|Any CPU.Build.0 = Debug|Any CPU
		{35183DF7-FB09-4E57-BCDE-E6983B567A40}.Release|Any CPU.ActiveCfg = Release|Any CPU
		{35183DF7-FB09-4E57-BCDE-E6983B567A40}.Release|Any CPU.Build.0 = Release|Any CPU
		{F5699054-C7F2-4C11-A4A9-4CB9304BD3E4}.Debug|Any CPU.ActiveCfg = Debug|Any CPU
		{F5699054-C7F2-4C11-A4A9-4CB9304BD3E4}.Debug|Any CPU.Build.0 = Debug|Any CPU
		{F5699054-C7F2-4C11-A4A9-4CB9304BD3E4}.Release|Any CPU.ActiveCfg = Release|Any CPU
		{F5699054-C7F2-4C11-A4A9-4CB9304BD3E4}.Release|Any CPU.Build.0 = Release|Any CPU
		{04C20A8A-F542-4F85-B6A7-844A66E730CE}.Debug|Any CPU.ActiveCfg = Debug|Any CPU
		{04C20A8A-F542-4F85-B6A7-844A66E730CE}.Debug|Any CPU.Build.0 = Debug|Any CPU
		{04C20A8A-F542-4F85-B6A7-844A66E730CE}.Release|Any CPU.ActiveCfg = Release|Any CPU
		{04C20A8A-F542-4F85-B6A7-844A66E730CE}.Release|Any CPU.Build.0 = Release|Any CPU
		{3041AF94-9A82-4E88-AF02-ED529D1A3043}.Debug|Any CPU.ActiveCfg = Debug|Any CPU
		{3041AF94-9A82-4E88-AF02-ED529D1A3043}.Debug|Any CPU.Build.0 = Debug|Any CPU
		{3041AF94-9A82-4E88-AF02-ED529D1A3043}.Release|Any CPU.ActiveCfg = Release|Any CPU
		{3041AF94-9A82-4E88-AF02-ED529D1A3043}.Release|Any CPU.Build.0 = Release|Any CPU
		{753D9A98-A28A-4B72-A4FF-0E5EC0D62369}.Debug|Any CPU.ActiveCfg = Debug|Any CPU
		{753D9A98-A28A-4B72-A4FF-0E5EC0D62369}.Debug|Any CPU.Build.0 = Debug|Any CPU
		{753D9A98-A28A-4B72-A4FF-0E5EC0D62369}.Release|Any CPU.ActiveCfg = Release|Any CPU
		{753D9A98-A28A-4B72-A4FF-0E5EC0D62369}.Release|Any CPU.Build.0 = Release|Any CPU
		{9933276D-843E-4994-8B3D-876690B554CB}.Debug|Any CPU.ActiveCfg = Debug|Any CPU
		{9933276D-843E-4994-8B3D-876690B554CB}.Debug|Any CPU.Build.0 = Debug|Any CPU
		{9933276D-843E-4994-8B3D-876690B554CB}.Release|Any CPU.ActiveCfg = Release|Any CPU
		{9933276D-843E-4994-8B3D-876690B554CB}.Release|Any CPU.Build.0 = Release|Any CPU
		{F8110A04-7FB7-48EA-8FD8-16EF83E146BA}.Debug|Any CPU.ActiveCfg = Debug|Any CPU
		{F8110A04-7FB7-48EA-8FD8-16EF83E146BA}.Debug|Any CPU.Build.0 = Debug|Any CPU
		{F8110A04-7FB7-48EA-8FD8-16EF83E146BA}.Release|Any CPU.ActiveCfg = Release|Any CPU
		{F8110A04-7FB7-48EA-8FD8-16EF83E146BA}.Release|Any CPU.Build.0 = Release|Any CPU
		{C9BD835E-EF1D-41FA-A3C3-E0EFBE3DB363}.Debug|Any CPU.ActiveCfg = Debug|Any CPU
		{C9BD835E-EF1D-41FA-A3C3-E0EFBE3DB363}.Debug|Any CPU.Build.0 = Debug|Any CPU
		{C9BD835E-EF1D-41FA-A3C3-E0EFBE3DB363}.Release|Any CPU.ActiveCfg = Release|Any CPU
		{C9BD835E-EF1D-41FA-A3C3-E0EFBE3DB363}.Release|Any CPU.Build.0 = Release|Any CPU
	EndGlobalSection
	GlobalSection(SolutionProperties) = preSolution
		HideSolutionNode = FALSE
	EndGlobalSection
	GlobalSection(ExtensibilityGlobals) = postSolution
		SolutionGuid = {5C20C962-C51B-47AA-A8AA-8420E0BCB39C}
	EndGlobalSection
EndGlobal
